// !$*UTF8*$!
{
	archiveVersion = 1;
	classes = {
	};
	objectVersion = 50;
	objects = {

/* Begin PBXBuildFile section */
		8AD68E02249B23C6000FE03D /* AppDelegate.swift in Sources */ = {isa = PBXBuildFile; fileRef = 8AD68E01249B23C6000FE03D /* AppDelegate.swift */; };
		8AD68E04249B23C6000FE03D /* SceneDelegate.swift in Sources */ = {isa = PBXBuildFile; fileRef = 8AD68E03249B23C6000FE03D /* SceneDelegate.swift */; };
		8AD68E06249B23C6000FE03D /* ViewController.swift in Sources */ = {isa = PBXBuildFile; fileRef = 8AD68E05249B23C6000FE03D /* ViewController.swift */; };
		8AD68E09249B23C6000FE03D /* Main.storyboard in Resources */ = {isa = PBXBuildFile; fileRef = 8AD68E07249B23C6000FE03D /* Main.storyboard */; };
		8AD68E0B249B23C8000FE03D /* Assets.xcassets in Resources */ = {isa = PBXBuildFile; fileRef = 8AD68E0A249B23C8000FE03D /* Assets.xcassets */; };
		8AD68E0E249B23C8000FE03D /* LaunchScreen.storyboard in Resources */ = {isa = PBXBuildFile; fileRef = 8AD68E0C249B23C8000FE03D /* LaunchScreen.storyboard */; };
		8AD68E16249B23F3000FE03D /* SecondaryViewController.swift in Sources */ = {isa = PBXBuildFile; fileRef = 8AD68E15249B23F3000FE03D /* SecondaryViewController.swift */; };
		8AD68E18249B264D000FE03D /* TransitionDriver.swift in Sources */ = {isa = PBXBuildFile; fileRef = 8AD68E17249B264D000FE03D /* TransitionDriver.swift */; };
		8AD68E1A249B2762000FE03D /* AutomaticLikePresentationController.swift in Sources */ = {isa = PBXBuildFile; fileRef = 8AD68E19249B2762000FE03D /* AutomaticLikePresentationController.swift */; };
		8AD68E1C249B399B000FE03D /* InteractiveTransitionAnimator.swift in Sources */ = {isa = PBXBuildFile; fileRef = 8AD68E1B249B399B000FE03D /* InteractiveTransitionAnimator.swift */; };
/* End PBXBuildFile section */

/* Begin PBXFileReference section */
		8AD68DFE249B23C6000FE03D /* ReproduceModalPresentationAutomatic.app */ = {isa = PBXFileReference; explicitFileType = wrapper.application; includeInIndex = 0; path = ReproduceModalPresentationAutomatic.app; sourceTree = BUILT_PRODUCTS_DIR; };
		8AD68E01249B23C6000FE03D /* AppDelegate.swift */ = {isa = PBXFileReference; lastKnownFileType = sourcecode.swift; path = AppDelegate.swift; sourceTree = "<group>"; };
		8AD68E03249B23C6000FE03D /* SceneDelegate.swift */ = {isa = PBXFileReference; lastKnownFileType = sourcecode.swift; path = SceneDelegate.swift; sourceTree = "<group>"; };
		8AD68E05249B23C6000FE03D /* ViewController.swift */ = {isa = PBXFileReference; lastKnownFileType = sourcecode.swift; path = ViewController.swift; sourceTree = "<group>"; };
		8AD68E08249B23C6000FE03D /* Base */ = {isa = PBXFileReference; lastKnownFileType = file.storyboard; name = Base; path = Base.lproj/Main.storyboard; sourceTree = "<group>"; };
		8AD68E0A249B23C8000FE03D /* Assets.xcassets */ = {isa = PBXFileReference; lastKnownFileType = folder.assetcatalog; path = Assets.xcassets; sourceTree = "<group>"; };
		8AD68E0D249B23C8000FE03D /* Base */ = {isa = PBXFileReference; lastKnownFileType = file.storyboard; name = Base; path = Base.lproj/LaunchScreen.storyboard; sourceTree = "<group>"; };
		8AD68E0F249B23C8000FE03D /* Info.plist */ = {isa = PBXFileReference; lastKnownFileType = text.plist.xml; path = Info.plist; sourceTree = "<group>"; };
		8AD68E15249B23F3000FE03D /* SecondaryViewController.swift */ = {isa = PBXFileReference; lastKnownFileType = sourcecode.swift; path = SecondaryViewController.swift; sourceTree = "<group>"; };
		8AD68E17249B264D000FE03D /* TransitionDriver.swift */ = {isa = PBXFileReference; lastKnownFileType = sourcecode.swift; path = TransitionDriver.swift; sourceTree = "<group>"; };
		8AD68E19249B2762000FE03D /* AutomaticLikePresentationController.swift */ = {isa = PBXFileReference; lastKnownFileType = sourcecode.swift; path = AutomaticLikePresentationController.swift; sourceTree = "<group>"; };
		8AD68E1B249B399B000FE03D /* InteractiveTransitionAnimator.swift */ = {isa = PBXFileReference; lastKnownFileType = sourcecode.swift; path = InteractiveTransitionAnimator.swift; sourceTree = "<group>"; };
/* End PBXFileReference section */

/* Begin PBXFrameworksBuildPhase section */
		8AD68DFB249B23C6000FE03D /* Frameworks */ = {
			isa = PBXFrameworksBuildPhase;
			buildActionMask = 2147483647;
			files = (
			);
			runOnlyForDeploymentPostprocessing = 0;
		};
/* End PBXFrameworksBuildPhase section */

/* Begin PBXGroup section */
		8AD68DF5249B23C6000FE03D = {
			isa = PBXGroup;
			children = (
				8AD68E00249B23C6000FE03D /* ReproduceModalPresentationAutomatic */,
				8AD68DFF249B23C6000FE03D /* Products */,
			);
			sourceTree = "<group>";
		};
		8AD68DFF249B23C6000FE03D /* Products */ = {
			isa = PBXGroup;
			children = (
				8AD68DFE249B23C6000FE03D /* ReproduceModalPresentationAutomatic.app */,
			);
			name = Products;
			sourceTree = "<group>";
		};
		8AD68E00249B23C6000FE03D /* ReproduceModalPresentationAutomatic */ = {
			isa = PBXGroup;
			children = (
				8AD68E01249B23C6000FE03D /* AppDelegate.swift */,
				8AD68E03249B23C6000FE03D /* SceneDelegate.swift */,
				8AD68E05249B23C6000FE03D /* ViewController.swift */,
				8AD68E07249B23C6000FE03D /* Main.storyboard */,
				8AD68E0A249B23C8000FE03D /* Assets.xcassets */,
				8AD68E0C249B23C8000FE03D /* LaunchScreen.storyboard */,
				8AD68E0F249B23C8000FE03D /* Info.plist */,
				8AD68E15249B23F3000FE03D /* SecondaryViewController.swift */,
				8AD68E17249B264D000FE03D /* TransitionDriver.swift */,
				8AD68E19249B2762000FE03D /* AutomaticLikePresentationController.swift */,
				8AD68E1B249B399B000FE03D /* InteractiveTransitionAnimator.swift */,
			);
			path = ReproduceModalPresentationAutomatic;
			sourceTree = "<group>";
		};
/* End PBXGroup section */

/* Begin PBXNativeTarget section */
		8AD68DFD249B23C6000FE03D /* ReproduceModalPresentationAutomatic */ = {
			isa = PBXNativeTarget;
			buildConfigurationList = 8AD68E12249B23C8000FE03D /* Build configuration list for PBXNativeTarget "ReproduceModalPresentationAutomatic" */;
			buildPhases = (
				8AD68DFA249B23C6000FE03D /* Sources */,
				8AD68DFB249B23C6000FE03D /* Frameworks */,
				8AD68DFC249B23C6000FE03D /* Resources */,
			);
			buildRules = (
			);
			dependencies = (
			);
			name = ReproduceModalPresentationAutomatic;
			productName = ReproduceModalPresentationAutomatic;
			productReference = 8AD68DFE249B23C6000FE03D /* ReproduceModalPresentationAutomatic.app */;
			productType = "com.apple.product-type.application";
		};
/* End PBXNativeTarget section */

/* Begin PBXProject section */
		8AD68DF6249B23C6000FE03D /* Project object */ = {
			isa = PBXProject;
			attributes = {
				LastSwiftUpdateCheck = 1130;
				LastUpgradeCheck = 1130;
				ORGANIZATIONNAME = "Md. Saber Hossain";
				TargetAttributes = {
					8AD68DFD249B23C6000FE03D = {
						CreatedOnToolsVersion = 11.3.1;
					};
				};
			};
			buildConfigurationList = 8AD68DF9249B23C6000FE03D /* Build configuration list for PBXProject "ReproduceModalPresentationAutomatic" */;
			compatibilityVersion = "Xcode 9.3";
			developmentRegion = en;
			hasScannedForEncodings = 0;
			knownRegions = (
				en,
				Base,
			);
			mainGroup = 8AD68DF5249B23C6000FE03D;
			productRefGroup = 8AD68DFF249B23C6000FE03D /* Products */;
			projectDirPath = "";
			projectRoot = "";
			targets = (
				8AD68DFD249B23C6000FE03D /* ReproduceModalPresentationAutomatic */,
			);
		};
/* End PBXProject section */

/* Begin PBXResourcesBuildPhase section */
		8AD68DFC249B23C6000FE03D /* Resources */ = {
			isa = PBXResourcesBuildPhase;
			buildActionMask = 2147483647;
			files = (
				8AD68E0E249B23C8000FE03D /* LaunchScreen.storyboard in Resources */,
				8AD68E0B249B23C8000FE03D /* Assets.xcassets in Resources */,
				8AD68E09249B23C6000FE03D /* Main.storyboard in Resources */,
			);
			runOnlyForDeploymentPostprocessing = 0;
		};
/* End PBXResourcesBuildPhase section */

/* Begin PBXSourcesBuildPhase section */
		8AD68DFA249B23C6000FE03D /* Sources */ = {
			isa = PBXSourcesBuildPhase;
			buildActionMask = 2147483647;
			files = (
				8AD68E06249B23C6000FE03D /* ViewController.swift in Sources */,
				8AD68E02249B23C6000FE03D /* AppDelegate.swift in Sources */,
				8AD68E1C249B399B000FE03D /* InteractiveTransitionAnimator.swift in Sources */,
				8AD68E04249B23C6000FE03D /* SceneDelegate.swift in Sources */,
				8AD68E18249B264D000FE03D /* TransitionDriver.swift in Sources */,
				8AD68E1A249B2762000FE03D /* AutomaticLikePresentationController.swift in Sources */,
				8AD68E16249B23F3000FE03D /* SecondaryViewController.swift in Sources */,
			);
			runOnlyForDeploymentPostprocessing = 0;
		};
/* End PBXSourcesBuildPhase section */

/* Begin PBXVariantGroup section */
		8AD68E07249B23C6000FE03D /* Main.storyboard */ = {
			isa = PBXVariantGroup;
			children = (
				8AD68E08249B23C6000FE03D /* Base */,
			);
			name = Main.storyboard;
			sourceTree = "<group>";
		};
		8AD68E0C249B23C8000FE03D /* LaunchScreen.storyboard */ = {
			isa = PBXVariantGroup;
			children = (
				8AD68E0D249B23C8000FE03D /* Base */,
			);
			name = LaunchScreen.storyboard;
			sourceTree = "<group>";
		};
/* End PBXVariantGroup section */

/* Begin XCBuildConfiguration section */
		8AD68E10249B23C8000FE03D /* Debug */ = {
			isa = XCBuildConfiguration;
			buildSettings = {
				ALWAYS_SEARCH_USER_PATHS = NO;
				CLANG_ANALYZER_NONNULL = YES;
				CLANG_ANALYZER_NUMBER_OBJECT_CONVERSION = YES_AGGRESSIVE;
				CLANG_CXX_LANGUAGE_STANDARD = "gnu++14";
				CLANG_CXX_LIBRARY = "libc++";
				CLANG_ENABLE_MODULES = YES;
				CLANG_ENABLE_OBJC_ARC = YES;
				CLANG_ENABLE_OBJC_WEAK = YES;
				CLANG_WARN_BLOCK_CAPTURE_AUTORELEASING = YES;
				CLANG_WARN_BOOL_CONVERSION = YES;
				CLANG_WARN_COMMA = YES;
				CLANG_WARN_CONSTANT_CONVERSION = YES;
				CLANG_WARN_DEPRECATED_OBJC_IMPLEMENTATIONS = YES;
				CLANG_WARN_DIRECT_OBJC_ISA_USAGE = YES_ERROR;
				CLANG_WARN_DOCUMENTATION_COMMENTS = YES;
				CLANG_WARN_EMPTY_BODY = YES;
				CLANG_WARN_ENUM_CONVERSION = YES;
				CLANG_WARN_INFINITE_RECURSION = YES;
				CLANG_WARN_INT_CONVERSION = YES;
				CLANG_WARN_NON_LITERAL_NULL_CONVERSION = YES;
				CLANG_WARN_OBJC_IMPLICIT_RETAIN_SELF = YES;
				CLANG_WARN_OBJC_LITERAL_CONVERSION = YES;
				CLANG_WARN_OBJC_ROOT_CLASS = YES_ERROR;
				CLANG_WARN_RANGE_LOOP_ANALYSIS = YES;
				CLANG_WARN_STRICT_PROTOTYPES = YES;
				CLANG_WARN_SUSPICIOUS_MOVE = YES;
				CLANG_WARN_UNGUARDED_AVAILABILITY = YES_AGGRESSIVE;
				CLANG_WARN_UNREACHABLE_CODE = YES;
				CLANG_WARN__DUPLICATE_METHOD_MATCH = YES;
				COPY_PHASE_STRIP = NO;
				DEBUG_INFORMATION_FORMAT = dwarf;
				ENABLE_STRICT_OBJC_MSGSEND = YES;
				ENABLE_TESTABILITY = YES;
				GCC_C_LANGUAGE_STANDARD = gnu11;
				GCC_DYNAMIC_NO_PIC = NO;
				GCC_NO_COMMON_BLOCKS = YES;
				GCC_OPTIMIZATION_LEVEL = 0;
				GCC_PREPROCESSOR_DEFINITIONS = (
					"DEBUG=1",
					"$(inherited)",
				);
				GCC_WARN_64_TO_32_BIT_CONVERSION = YES;
				GCC_WARN_ABOUT_RETURN_TYPE = YES_ERROR;
				GCC_WARN_UNDECLARED_SELECTOR = YES;
				GCC_WARN_UNINITIALIZED_AUTOS = YES_AGGRESSIVE;
				GCC_WARN_UNUSED_FUNCTION = YES;
				GCC_WARN_UNUSED_VARIABLE = YES;
				IPHONEOS_DEPLOYMENT_TARGET = 13.2;
				MTL_ENABLE_DEBUG_INFO = INCLUDE_SOURCE;
				MTL_FAST_MATH = YES;
				ONLY_ACTIVE_ARCH = YES;
				SDKROOT = iphoneos;
				SWIFT_ACTIVE_COMPILATION_CONDITIONS = DEBUG;
				SWIFT_OPTIMIZATION_LEVEL = "-Onone";
			};
			name = Debug;
		};
		8AD68E11249B23C8000FE03D /* Release */ = {
			isa = XCBuildConfiguration;
			buildSettings = {
				ALWAYS_SEARCH_USER_PATHS = NO;
				CLANG_ANALYZER_NONNULL = YES;
				CLANG_ANALYZER_NUMBER_OBJECT_CONVERSION = YES_AGGRESSIVE;
				CLANG_CXX_LANGUAGE_STANDARD = "gnu++14";
				CLANG_CXX_LIBRARY = "libc++";
				CLANG_ENABLE_MODULES = YES;
				CLANG_ENABLE_OBJC_ARC = YES;
				CLANG_ENABLE_OBJC_WEAK = YES;
				CLANG_WARN_BLOCK_CAPTURE_AUTORELEASING = YES;
				CLANG_WARN_BOOL_CONVERSION = YES;
				CLANG_WARN_COMMA = YES;
				CLANG_WARN_CONSTANT_CONVERSION = YES;
				CLANG_WARN_DEPRECATED_OBJC_IMPLEMENTATIONS = YES;
				CLANG_WARN_DIRECT_OBJC_ISA_USAGE = YES_ERROR;
				CLANG_WARN_DOCUMENTATION_COMMENTS = YES;
				CLANG_WARN_EMPTY_BODY = YES;
				CLANG_WARN_ENUM_CONVERSION = YES;
				CLANG_WARN_INFINITE_RECURSION = YES;
				CLANG_WARN_INT_CONVERSION = YES;
				CLANG_WARN_NON_LITERAL_NULL_CONVERSION = YES;
				CLANG_WARN_OBJC_IMPLICIT_RETAIN_SELF = YES;
				CLANG_WARN_OBJC_LITERAL_CONVERSION = YES;
				CLANG_WARN_OBJC_ROOT_CLASS = YES_ERROR;
				CLANG_WARN_RANGE_LOOP_ANALYSIS = YES;
				CLANG_WARN_STRICT_PROTOTYPES = YES;
				CLANG_WARN_SUSPICIOUS_MOVE = YES;
				CLANG_WARN_UNGUARDED_AVAILABILITY = YES_AGGRESSIVE;
				CLANG_WARN_UNREACHABLE_CODE = YES;
				CLANG_WARN__DUPLICATE_METHOD_MATCH = YES;
				COPY_PHASE_STRIP = NO;
				DEBUG_INFORMATION_FORMAT = "dwarf-with-dsym";
				ENABLE_NS_ASSERTIONS = NO;
				ENABLE_STRICT_OBJC_MSGSEND = YES;
				GCC_C_LANGUAGE_STANDARD = gnu11;
				GCC_NO_COMMON_BLOCKS = YES;
				GCC_WARN_64_TO_32_BIT_CONVERSION = YES;
				GCC_WARN_ABOUT_RETURN_TYPE = YES_ERROR;
				GCC_WARN_UNDECLARED_SELECTOR = YES;
				GCC_WARN_UNINITIALIZED_AUTOS = YES_AGGRESSIVE;
				GCC_WARN_UNUSED_FUNCTION = YES;
				GCC_WARN_UNUSED_VARIABLE = YES;
				IPHONEOS_DEPLOYMENT_TARGET = 13.2;
				MTL_ENABLE_DEBUG_INFO = NO;
				MTL_FAST_MATH = YES;
				SDKROOT = iphoneos;
				SWIFT_COMPILATION_MODE = wholemodule;
				SWIFT_OPTIMIZATION_LEVEL = "-O";
				VALIDATE_PRODUCT = YES;
			};
			name = Release;
		};
		8AD68E13249B23C8000FE03D /* Debug */ = {
			isa = XCBuildConfiguration;
			buildSettings = {
				ASSETCATALOG_COMPILER_APPICON_NAME = AppIcon;
				CODE_SIGN_STYLE = Automatic;
				DEVELOPMENT_TEAM = XYSCZDXKR7;
				INFOPLIST_FILE = ReproduceModalPresentationAutomatic/Info.plist;
				LD_RUNPATH_SEARCH_PATHS = (
					"$(inherited)",
					"@executable_path/Frameworks",
				);
				PRODUCT_BUNDLE_IDENTIFIER = com.saber.ReproduceModalPresentationAutomatic;
				PRODUCT_NAME = "$(TARGET_NAME)";
				SWIFT_VERSION = 5.0;
				TARGETED_DEVICE_FAMILY = "1,2";
			};
			name = Debug;
		};
		8AD68E14249B23C8000FE03D /* Release */ = {
			isa = XCBuildConfiguration;
			buildSettings = {
				ASSETCATALOG_COMPILER_APPICON_NAME = AppIcon;
				CODE_SIGN_STYLE = Automatic;
				DEVELOPMENT_TEAM = XYSCZDXKR7;
				INFOPLIST_FILE = ReproduceModalPresentationAutomatic/Info.plist;
				LD_RUNPATH_SEARCH_PATHS = (
					"$(inherited)",
					"@executable_path/Frameworks",
				);
				PRODUCT_BUNDLE_IDENTIFIER = com.saber.ReproduceModalPresentationAutomatic;
				PRODUCT_NAME = "$(TARGET_NAME)";
				SWIFT_VERSION = 5.0;
				TARGETED_DEVICE_FAMILY = "1,2";
			};
			name = Release;
		};
/* End XCBuildConfiguration section */

/* Begin XCConfigurationList section */
		8AD68DF9249B23C6000FE03D /* Build configuration list for PBXProject "ReproduceModalPresentationAutomatic" */ = {
			isa = XCConfigurationList;
			buildConfigurations = (
				8AD68E10249B23C8000FE03D /* Debug */,
				8AD68E11249B23C8000FE03D /* Release */,
			);
			defaultConfigurationIsVisible = 0;
			defaultConfigurationName = Release;
		};
		8AD68E12249B23C8000FE03D /* Build configuration list for PBXNativeTarget "ReproduceModalPresentationAutomatic" */ = {
			isa = XCConfigurationList;
			buildConfigurations = (
				8AD68E13249B23C8000FE03D /* Debug */,
				8AD68E14249B23C8000FE03D /* Release */,
			);
			defaultConfigurationIsVisible = 0;
			defaultConfigurationName = Release;
		};
/* End XCConfigurationList section */
	};
	rootObject = 8AD68DF6249B23C6000FE03D /* Project object */;
}
